PODS:
  - Alamofire (4.2.0)
  - JSONJoy-Swift (3.0.1)

DEPENDENCIES:
  - Alamofire
  - JSONJoy-Swift

SPEC CHECKSUMS:
  Alamofire: aa2e09d871c9160ac53c90e83c68064a94e3dfbe
  JSONJoy-Swift: ef6eccdcf319412f149bbdd031b27f0430d5d576

PODFILE CHECKSUM: 884db6339bd6b475eee04574dc44a66c2b5104b5

COCOAPODS: 1.2.0.beta.1
